
Microsoft Visual Studio Solution File, Format Version 12.00
# Visual Studio Version 16
VisualStudioVersion = 16.0.30717.126
MinimumVisualStudioVersion = 10.0.40219.1
Project("{9A19103F-16F7-4668-BE54-9A1E7A4F7556}") = "Habitix.Api", "Habitix.Api\Habitix.Api.csproj", "{65692CF3-7E82-4CCB-B2A6-92B20977897C}"
EndProject
Project("{9A19103F-16F7-4668-BE54-9A1E7A4F7556}") = "Habitix.Data", "Habitix.Data\Habitix.Data.csproj", "{334572A1-6485-450C-8B7A-147A778D4FFD}"
EndProject
Project("{9A19103F-16F7-4668-BE54-9A1E7A4F7556}") = "Habitix.Services", "Habitix.Services\Habitix.Services.csproj", "{46DE567B-7823-43AF-B22D-B2DB246A8264}"
EndProject
Global
	GlobalSection(SolutionConfigurationPlatforms) = preSolution
		Debug|Any CPU = Debug|Any CPU
		Release|Any CPU = Release|Any CPU
	EndGlobalSection
	GlobalSection(ProjectConfigurationPlatforms) = postSolution
		{65692CF3-7E82-4CCB-B2A6-92B20977897C}.Debug|Any CPU.ActiveCfg = Debug|Any CPU
		{65692CF3-7E82-4CCB-B2A6-92B20977897C}.Debug|Any CPU.Build.0 = Debug|Any CPU
		{65692CF3-7E82-4CCB-B2A6-92B20977897C}.Release|Any CPU.ActiveCfg = Release|Any CPU
		{65692CF3-7E82-4CCB-B2A6-92B20977897C}.Release|Any CPU.Build.0 = Release|Any CPU
		{334572A1-6485-450C-8B7A-147A778D4FFD}.Debug|Any CPU.ActiveCfg = Debug|Any CPU
		{334572A1-6485-450C-8B7A-147A778D4FFD}.Debug|Any CPU.Build.0 = Debug|Any CPU
		{334572A1-6485-450C-8B7A-147A778D4FFD}.Release|Any CPU.ActiveCfg = Release|Any CPU
		{334572A1-6485-450C-8B7A-147A778D4FFD}.Release|Any CPU.Build.0 = Release|Any CPU
		{46DE567B-7823-43AF-B22D-B2DB246A8264}.Debug|Any CPU.ActiveCfg = Debug|Any CPU
		{46DE567B-7823-43AF-B22D-B2DB246A8264}.Debug|Any CPU.Build.0 = Debug|Any CPU
		{46DE567B-7823-43AF-B22D-B2DB246A8264}.Release|Any CPU.ActiveCfg = Release|Any CPU
		{46DE567B-7823-43AF-B22D-B2DB246A8264}.Release|Any CPU.Build.0 = Release|Any CPU
	EndGlobalSection
	GlobalSection(SolutionProperties) = preSolution
		HideSolutionNode = FALSE
	EndGlobalSection
	GlobalSection(ExtensibilityGlobals) = postSolution
		SolutionGuid = {DA10F726-297E-4E77-9C77-C73E97FB137E}
	EndGlobalSection
EndGlobal
